
Microsoft Visual Studio Solution File, Format Version 12.00
# Visual Studio Version 16
VisualStudioVersion = 16.0.29215.179
MinimumVisualStudioVersion = 10.0.40219.1
Project("{FAE04EC0-301F-11D3-BF4B-00C04F79EFBC}") = "itp292project", "itp292project\itp292project.csproj", "{B6C618A6-7EF0-47ED-9ED8-7FD571F4E3D0}"
EndProject
Global
	GlobalSection(SolutionConfigurationPlatforms) = preSolution
		Debug|Any CPU = Debug|Any CPU
		Release|Any CPU = Release|Any CPU
	EndGlobalSection
	GlobalSection(ProjectConfigurationPlatforms) = postSolution
		{B6C618A6-7EF0-47ED-9ED8-7FD571F4E3D0}.Debug|Any CPU.ActiveCfg = Debug|Any CPU
		{B6C618A6-7EF0-47ED-9ED8-7FD571F4E3D0}.Debug|Any CPU.Build.0 = Debug|Any CPU
		{B6C618A6-7EF0-47ED-9ED8-7FD571F4E3D0}.Release|Any CPU.ActiveCfg = Release|Any CPU
		{B6C618A6-7EF0-47ED-9ED8-7FD571F4E3D0}.Release|Any CPU.Build.0 = Release|Any CPU
	EndGlobalSection
	GlobalSection(SolutionProperties) = preSolution
		HideSolutionNode = FALSE
	EndGlobalSection
	GlobalSection(ExtensibilityGlobals) = postSolution
		SolutionGuid = {87D6FD29-EB9C-4C64-B92A-9A6D5DC9199A}
	EndGlobalSection
EndGlobal
